
Microsoft Visual Studio Solution File, Format Version 12.00
# Visual Studio Version 17
VisualStudioVersion = 17.4.33213.308
MinimumVisualStudioVersion = 10.0.40219.1
Project("{FAE04EC0-301F-11D3-BF4B-00C04F79EFBC}") = "Feb2023", "Feb2023\Feb2023.csproj", "{5C9907AD-666A-423E-8D59-64470862FCDC}"
EndProject
Global
	GlobalSection(SolutionConfigurationPlatforms) = preSolution
		Debug|Any CPU = Debug|Any CPU
		Release|Any CPU = Release|Any CPU
	EndGlobalSection
	GlobalSection(ProjectConfigurationPlatforms) = postSolution
		{5C9907AD-666A-423E-8D59-64470862FCDC}.Debug|Any CPU.ActiveCfg = Debug|Any CPU
		{5C9907AD-666A-423E-8D59-64470862FCDC}.Debug|Any CPU.Build.0 = Debug|Any CPU
		{5C9907AD-666A-423E-8D59-64470862FCDC}.Release|Any CPU.ActiveCfg = Release|Any CPU
		{5C9907AD-666A-423E-8D59-64470862FCDC}.Release|Any CPU.Build.0 = Release|Any CPU
	EndGlobalSection
	GlobalSection(SolutionProperties) = preSolution
		HideSolutionNode = FALSE
	EndGlobalSection
	GlobalSection(ExtensibilityGlobals) = postSolution
		SolutionGuid = {63AEFD60-19CF-4C38-9A49-8A3C0BF41529}
	EndGlobalSection
EndGlobal
